# This file is automatically @generated by Cargo.
# It is not intended for manual editing.
version = 4

[[package]]
name = "abi-support"
version = "0.1.0"
dependencies = [
 "safe-gio",
 "safe-girepository",
 "safe-glib",
 "safe-gmodule",
 "safe-gobject",
 "safe-gthread",
]

[[package]]
name = "safe-gio"
version = "0.1.0"

[[package]]
name = "safe-girepository"
version = "0.1.0"

[[package]]
name = "safe-glib"
version = "0.1.0"

[[package]]
name = "safe-gmodule"
version = "0.1.0"

[[package]]
name = "safe-gobject"
version = "0.1.0"

[[package]]
name = "safe-gthread"
version = "0.1.0"
